{
  "name": "node-multithread",
  "version": "1.0.0",
  "lockfileVersion": 1,
  "requires": true,
  "dependencies": {
    "@types/node": {
      "version": "13.5.1",
      "resolved": "https://registry.npmjs.org/@types/node/-/node-13.5.1.tgz",
      "integrity": "sha512-Jj2W7VWQ2uM83f8Ls5ON9adxN98MvyJsMSASYFuSvrov8RMRY64Ayay7KV35ph1TSGIJ2gG9ZVDdEq3c3zaydA==",
      "dev": true
    },
    "typescript": {
      "version": "3.7.5",
      "resolved": "https://registry.npmjs.org/typescript/-/typescript-3.7.5.tgz",
      "integrity": "sha512-/P5lkRXkWHNAbcJIiHPfRoKqyd7bsyCma1hZNUGfn20qm64T6ZBlrzprymeu918H+mB/0rIg2gGK/BXkhhYgBw==",
      "dev": true
    }
  }
}
